
Microsoft Visual Studio Solution File, Format Version 12.00
# Visual Studio Version 16
VisualStudioVersion = 16.0.33423.256
MinimumVisualStudioVersion = 10.0.40219.1
Project("{FAE04EC0-301F-11D3-BF4B-00C04F79EFBC}") = "Interface", "Interface.csproj", "{6FD2F75C-3F22-442B-899D-4FF8EBD69CAC}"
EndProject
Project("{FAE04EC0-301F-11D3-BF4B-00C04F79EFBC}") = "Device", "..\Device\Device.csproj", "{77E0BBB3-8701-4021-B6F2-67698DA6BD36}"
EndProject
Global
	GlobalSection(SolutionConfigurationPlatforms) = preSolution
		Debug|Any CPU = Debug|Any CPU
		Release|Any CPU = Release|Any CPU
	EndGlobalSection
	GlobalSection(ProjectConfigurationPlatforms) = postSolution
		{6FD2F75C-3F22-442B-899D-4FF8EBD69CAC}.Debug|Any CPU.ActiveCfg = Debug|Any CPU
		{6FD2F75C-3F22-442B-899D-4FF8EBD69CAC}.Debug|Any CPU.Build.0 = Debug|Any CPU
		{6FD2F75C-3F22-442B-899D-4FF8EBD69CAC}.Release|Any CPU.ActiveCfg = Release|Any CPU
		{6FD2F75C-3F22-442B-899D-4FF8EBD69CAC}.Release|Any CPU.Build.0 = Release|Any CPU
		{77E0BBB3-8701-4021-B6F2-67698DA6BD36}.Debug|Any CPU.ActiveCfg = Debug|Any CPU
		{77E0BBB3-8701-4021-B6F2-67698DA6BD36}.Debug|Any CPU.Build.0 = Debug|Any CPU
		{77E0BBB3-8701-4021-B6F2-67698DA6BD36}.Release|Any CPU.ActiveCfg = Release|Any CPU
		{77E0BBB3-8701-4021-B6F2-67698DA6BD36}.Release|Any CPU.Build.0 = Release|Any CPU
	EndGlobalSection
	GlobalSection(SolutionProperties) = preSolution
		HideSolutionNode = FALSE
	EndGlobalSection
	GlobalSection(ExtensibilityGlobals) = postSolution
		SolutionGuid = {3E620C96-AF57-4F9A-BCD7-737A4EAB66A2}
	EndGlobalSection
EndGlobal
