
Microsoft Visual Studio Solution File, Format Version 12.00
# Visual Studio Version 16
VisualStudioVersion = 16.0.34301.259
MinimumVisualStudioVersion = 10.0.40219.1
Project("{FAE04EC0-301F-11D3-BF4B-00C04F79EFBC}") = "Device", "..\Device\Device.csproj", "{77E0BBB3-8701-4021-B6F2-67698DA6BD36}"
EndProject
Project("{FAE04EC0-301F-11D3-BF4B-00C04F79EFBC}") = "Regulator", "..\Regulator\Regulator.csproj", "{8D1B4A48-3451-482B-87AF-BE68E3AFAEC6}"
EndProject
Project("{FAE04EC0-301F-11D3-BF4B-00C04F79EFBC}") = "Heater", "..\Heater\Heater.csproj", "{EB0F8F65-B5F2-40B0-89F3-AC7A7BD6FBC3}"
EndProject
Project("{FAE04EC0-301F-11D3-BF4B-00C04F79EFBC}") = "Database", "..\Database\Database.csproj", "{748248BC-4D52-4205-8B09-9B78F98E89CD}"
EndProject
Project("{FAE04EC0-301F-11D3-BF4B-00C04F79EFBC}") = "Logging", "Log\Logging.csproj", "{DF04CE4D-22CF-4DA0-955E-B3CE0A2894F1}"
EndProject
Project("{FAE04EC0-301F-11D3-BF4B-00C04F79EFBC}") = "Common", "Common\Common.csproj", "{ABBCE5D4-744A-4ED8-B481-15D9AE6B6DDB}"
EndProject
Project("{FAE04EC0-301F-11D3-BF4B-00C04F79EFBC}") = "MainInterface", "MainInterface\MainInterface.csproj", "{2672E05A-2574-4AF5-BAFC-B23628CF4835}"
EndProject
Global
	GlobalSection(SolutionConfigurationPlatforms) = preSolution
		Debug|Any CPU = Debug|Any CPU
		Debug|ARM = Debug|ARM
		Debug|ARM64 = Debug|ARM64
		Debug|x64 = Debug|x64
		Debug|x86 = Debug|x86
		Release|Any CPU = Release|Any CPU
		Release|ARM = Release|ARM
		Release|ARM64 = Release|ARM64
		Release|x64 = Release|x64
		Release|x86 = Release|x86
	EndGlobalSection
	GlobalSection(ProjectConfigurationPlatforms) = postSolution
		{77E0BBB3-8701-4021-B6F2-67698DA6BD36}.Debug|Any CPU.ActiveCfg = Debug|Any CPU
		{77E0BBB3-8701-4021-B6F2-67698DA6BD36}.Debug|Any CPU.Build.0 = Debug|Any CPU
		{77E0BBB3-8701-4021-B6F2-67698DA6BD36}.Debug|ARM.ActiveCfg = Debug|Any CPU
		{77E0BBB3-8701-4021-B6F2-67698DA6BD36}.Debug|ARM.Build.0 = Debug|Any CPU
		{77E0BBB3-8701-4021-B6F2-67698DA6BD36}.Debug|ARM64.ActiveCfg = Debug|Any CPU
		{77E0BBB3-8701-4021-B6F2-67698DA6BD36}.Debug|ARM64.Build.0 = Debug|Any CPU
		{77E0BBB3-8701-4021-B6F2-67698DA6BD36}.Debug|x64.ActiveCfg = Debug|Any CPU
		{77E0BBB3-8701-4021-B6F2-67698DA6BD36}.Debug|x64.Build.0 = Debug|Any CPU
		{77E0BBB3-8701-4021-B6F2-67698DA6BD36}.Debug|x86.ActiveCfg = Debug|Any CPU
		{77E0BBB3-8701-4021-B6F2-67698DA6BD36}.Debug|x86.Build.0 = Debug|Any CPU
		{77E0BBB3-8701-4021-B6F2-67698DA6BD36}.Release|Any CPU.ActiveCfg = Release|Any CPU
		{77E0BBB3-8701-4021-B6F2-67698DA6BD36}.Release|Any CPU.Build.0 = Release|Any CPU
		{77E0BBB3-8701-4021-B6F2-67698DA6BD36}.Release|ARM.ActiveCfg = Release|Any CPU
		{77E0BBB3-8701-4021-B6F2-67698DA6BD36}.Release|ARM.Build.0 = Release|Any CPU
		{77E0BBB3-8701-4021-B6F2-67698DA6BD36}.Release|ARM64.ActiveCfg = Release|Any CPU
		{77E0BBB3-8701-4021-B6F2-67698DA6BD36}.Release|ARM64.Build.0 = Release|Any CPU
		{77E0BBB3-8701-4021-B6F2-67698DA6BD36}.Release|x64.ActiveCfg = Release|Any CPU
		{77E0BBB3-8701-4021-B6F2-67698DA6BD36}.Release|x64.Build.0 = Release|Any CPU
		{77E0BBB3-8701-4021-B6F2-67698DA6BD36}.Release|x86.ActiveCfg = Release|Any CPU
		{77E0BBB3-8701-4021-B6F2-67698DA6BD36}.Release|x86.Build.0 = Release|Any CPU
		{8D1B4A48-3451-482B-87AF-BE68E3AFAEC6}.Debug|Any CPU.ActiveCfg = Debug|Any CPU
		{8D1B4A48-3451-482B-87AF-BE68E3AFAEC6}.Debug|Any CPU.Build.0 = Debug|Any CPU
		{8D1B4A48-3451-482B-87AF-BE68E3AFAEC6}.Debug|ARM.ActiveCfg = Debug|Any CPU
		{8D1B4A48-3451-482B-87AF-BE68E3AFAEC6}.Debug|ARM.Build.0 = Debug|Any CPU
		{8D1B4A48-3451-482B-87AF-BE68E3AFAEC6}.Debug|ARM64.ActiveCfg = Debug|Any CPU
		{8D1B4A48-3451-482B-87AF-BE68E3AFAEC6}.Debug|ARM64.Build.0 = Debug|Any CPU
		{8D1B4A48-3451-482B-87AF-BE68E3AFAEC6}.Debug|x64.ActiveCfg = Debug|Any CPU
		{8D1B4A48-3451-482B-87AF-BE68E3AFAEC6}.Debug|x64.Build.0 = Debug|Any CPU
		{8D1B4A48-3451-482B-87AF-BE68E3AFAEC6}.Debug|x86.ActiveCfg = Debug|Any CPU
		{8D1B4A48-3451-482B-87AF-BE68E3AFAEC6}.Debug|x86.Build.0 = Debug|Any CPU
		{8D1B4A48-3451-482B-87AF-BE68E3AFAEC6}.Release|Any CPU.ActiveCfg = Release|Any CPU
		{8D1B4A48-3451-482B-87AF-BE68E3AFAEC6}.Release|Any CPU.Build.0 = Release|Any CPU
		{8D1B4A48-3451-482B-87AF-BE68E3AFAEC6}.Release|ARM.ActiveCfg = Release|Any CPU
		{8D1B4A48-3451-482B-87AF-BE68E3AFAEC6}.Release|ARM.Build.0 = Release|Any CPU
		{8D1B4A48-3451-482B-87AF-BE68E3AFAEC6}.Release|ARM64.ActiveCfg = Release|Any CPU
		{8D1B4A48-3451-482B-87AF-BE68E3AFAEC6}.Release|ARM64.Build.0 = Release|Any CPU
		{8D1B4A48-3451-482B-87AF-BE68E3AFAEC6}.Release|x64.ActiveCfg = Release|Any CPU
		{8D1B4A48-3451-482B-87AF-BE68E3AFAEC6}.Release|x64.Build.0 = Release|Any CPU
		{8D1B4A48-3451-482B-87AF-BE68E3AFAEC6}.Release|x86.ActiveCfg = Release|Any CPU
		{8D1B4A48-3451-482B-87AF-BE68E3AFAEC6}.Release|x86.Build.0 = Release|Any CPU
		{EB0F8F65-B5F2-40B0-89F3-AC7A7BD6FBC3}.Debug|Any CPU.ActiveCfg = Debug|Any CPU
		{EB0F8F65-B5F2-40B0-89F3-AC7A7BD6FBC3}.Debug|Any CPU.Build.0 = Debug|Any CPU
		{EB0F8F65-B5F2-40B0-89F3-AC7A7BD6FBC3}.Debug|ARM.ActiveCfg = Debug|Any CPU
		{EB0F8F65-B5F2-40B0-89F3-AC7A7BD6FBC3}.Debug|ARM.Build.0 = Debug|Any CPU
		{EB0F8F65-B5F2-40B0-89F3-AC7A7BD6FBC3}.Debug|ARM64.ActiveCfg = Debug|Any CPU
		{EB0F8F65-B5F2-40B0-89F3-AC7A7BD6FBC3}.Debug|ARM64.Build.0 = Debug|Any CPU
		{EB0F8F65-B5F2-40B0-89F3-AC7A7BD6FBC3}.Debug|x64.ActiveCfg = Debug|Any CPU
		{EB0F8F65-B5F2-40B0-89F3-AC7A7BD6FBC3}.Debug|x64.Build.0 = Debug|Any CPU
		{EB0F8F65-B5F2-40B0-89F3-AC7A7BD6FBC3}.Debug|x86.ActiveCfg = Debug|Any CPU
		{EB0F8F65-B5F2-40B0-89F3-AC7A7BD6FBC3}.Debug|x86.Build.0 = Debug|Any CPU
		{EB0F8F65-B5F2-40B0-89F3-AC7A7BD6FBC3}.Release|Any CPU.ActiveCfg = Release|Any CPU
		{EB0F8F65-B5F2-40B0-89F3-AC7A7BD6FBC3}.Release|Any CPU.Build.0 = Release|Any CPU
		{EB0F8F65-B5F2-40B0-89F3-AC7A7BD6FBC3}.Release|ARM.ActiveCfg = Release|Any CPU
		{EB0F8F65-B5F2-40B0-89F3-AC7A7BD6FBC3}.Release|ARM.Build.0 = Release|Any CPU
		{EB0F8F65-B5F2-40B0-89F3-AC7A7BD6FBC3}.Release|ARM64.ActiveCfg = Release|Any CPU
		{EB0F8F65-B5F2-40B0-89F3-AC7A7BD6FBC3}.Release|ARM64.Build.0 = Release|Any CPU
		{EB0F8F65-B5F2-40B0-89F3-AC7A7BD6FBC3}.Release|x64.ActiveCfg = Release|Any CPU
		{EB0F8F65-B5F2-40B0-89F3-AC7A7BD6FBC3}.Release|x64.Build.0 = Release|Any CPU
		{EB0F8F65-B5F2-40B0-89F3-AC7A7BD6FBC3}.Release|x86.ActiveCfg = Release|Any CPU
		{EB0F8F65-B5F2-40B0-89F3-AC7A7BD6FBC3}.Release|x86.Build.0 = Release|Any CPU
		{748248BC-4D52-4205-8B09-9B78F98E89CD}.Debug|Any CPU.ActiveCfg = Debug|Any CPU
		{748248BC-4D52-4205-8B09-9B78F98E89CD}.Debug|Any CPU.Build.0 = Debug|Any CPU
		{748248BC-4D52-4205-8B09-9B78F98E89CD}.Debug|ARM.ActiveCfg = Debug|Any CPU
		{748248BC-4D52-4205-8B09-9B78F98E89CD}.Debug|ARM.Build.0 = Debug|Any CPU
		{748248BC-4D52-4205-8B09-9B78F98E89CD}.Debug|ARM64.ActiveCfg = Debug|Any CPU
		{748248BC-4D52-4205-8B09-9B78F98E89CD}.Debug|ARM64.Build.0 = Debug|Any CPU
		{748248BC-4D52-4205-8B09-9B78F98E89CD}.Debug|x64.ActiveCfg = Debug|Any CPU
		{748248BC-4D52-4205-8B09-9B78F98E89CD}.Debug|x64.Build.0 = Debug|Any CPU
		{748248BC-4D52-4205-8B09-9B78F98E89CD}.Debug|x86.ActiveCfg = Debug|Any CPU
		{748248BC-4D52-4205-8B09-9B78F98E89CD}.Debug|x86.Build.0 = Debug|Any CPU
		{748248BC-4D52-4205-8B09-9B78F98E89CD}.Release|Any CPU.ActiveCfg = Release|Any CPU
		{748248BC-4D52-4205-8B09-9B78F98E89CD}.Release|Any CPU.Build.0 = Release|Any CPU
		{748248BC-4D52-4205-8B09-9B78F98E89CD}.Release|ARM.ActiveCfg = Release|Any CPU
		{748248BC-4D52-4205-8B09-9B78F98E89CD}.Release|ARM.Build.0 = Release|Any CPU
		{748248BC-4D52-4205-8B09-9B78F98E89CD}.Release|ARM64.ActiveCfg = Release|Any CPU
		{748248BC-4D52-4205-8B09-9B78F98E89CD}.Release|ARM64.Build.0 = Release|Any CPU
		{748248BC-4D52-4205-8B09-9B78F98E89CD}.Release|x64.ActiveCfg = Release|Any CPU
		{748248BC-4D52-4205-8B09-9B78F98E89CD}.Release|x64.Build.0 = Release|Any CPU
		{748248BC-4D52-4205-8B09-9B78F98E89CD}.Release|x86.ActiveCfg = Release|Any CPU
		{748248BC-4D52-4205-8B09-9B78F98E89CD}.Release|x86.Build.0 = Release|Any CPU
		{DF04CE4D-22CF-4DA0-955E-B3CE0A2894F1}.Debug|Any CPU.ActiveCfg = Debug|Any CPU
		{DF04CE4D-22CF-4DA0-955E-B3CE0A2894F1}.Debug|Any CPU.Build.0 = Debug|Any CPU
		{DF04CE4D-22CF-4DA0-955E-B3CE0A2894F1}.Debug|ARM.ActiveCfg = Debug|Any CPU
		{DF04CE4D-22CF-4DA0-955E-B3CE0A2894F1}.Debug|ARM.Build.0 = Debug|Any CPU
		{DF04CE4D-22CF-4DA0-955E-B3CE0A2894F1}.Debug|ARM64.ActiveCfg = Debug|Any CPU
		{DF04CE4D-22CF-4DA0-955E-B3CE0A2894F1}.Debug|ARM64.Build.0 = Debug|Any CPU
		{DF04CE4D-22CF-4DA0-955E-B3CE0A2894F1}.Debug|x64.ActiveCfg = Debug|Any CPU
		{DF04CE4D-22CF-4DA0-955E-B3CE0A2894F1}.Debug|x64.Build.0 = Debug|Any CPU
		{DF04CE4D-22CF-4DA0-955E-B3CE0A2894F1}.Debug|x86.ActiveCfg = Debug|Any CPU
		{DF04CE4D-22CF-4DA0-955E-B3CE0A2894F1}.Debug|x86.Build.0 = Debug|Any CPU
		{DF04CE4D-22CF-4DA0-955E-B3CE0A2894F1}.Release|Any CPU.ActiveCfg = Release|Any CPU
		{DF04CE4D-22CF-4DA0-955E-B3CE0A2894F1}.Release|Any CPU.Build.0 = Release|Any CPU
		{DF04CE4D-22CF-4DA0-955E-B3CE0A2894F1}.Release|ARM.ActiveCfg = Release|Any CPU
		{DF04CE4D-22CF-4DA0-955E-B3CE0A2894F1}.Release|ARM.Build.0 = Release|Any CPU
		{DF04CE4D-22CF-4DA0-955E-B3CE0A2894F1}.Release|ARM64.ActiveCfg = Release|Any CPU
		{DF04CE4D-22CF-4DA0-955E-B3CE0A2894F1}.Release|ARM64.Build.0 = Release|Any CPU
		{DF04CE4D-22CF-4DA0-955E-B3CE0A2894F1}.Release|x64.ActiveCfg = Release|Any CPU
		{DF04CE4D-22CF-4DA0-955E-B3CE0A2894F1}.Release|x64.Build.0 = Release|Any CPU
		{DF04CE4D-22CF-4DA0-955E-B3CE0A2894F1}.Release|x86.ActiveCfg = Release|Any CPU
		{DF04CE4D-22CF-4DA0-955E-B3CE0A2894F1}.Release|x86.Build.0 = Release|Any CPU
		{ABBCE5D4-744A-4ED8-B481-15D9AE6B6DDB}.Debug|Any CPU.ActiveCfg = Debug|Any CPU
		{ABBCE5D4-744A-4ED8-B481-15D9AE6B6DDB}.Debug|Any CPU.Build.0 = Debug|Any CPU
		{ABBCE5D4-744A-4ED8-B481-15D9AE6B6DDB}.Debug|ARM.ActiveCfg = Debug|Any CPU
		{ABBCE5D4-744A-4ED8-B481-15D9AE6B6DDB}.Debug|ARM.Build.0 = Debug|Any CPU
		{ABBCE5D4-744A-4ED8-B481-15D9AE6B6DDB}.Debug|ARM64.ActiveCfg = Debug|Any CPU
		{ABBCE5D4-744A-4ED8-B481-15D9AE6B6DDB}.Debug|ARM64.Build.0 = Debug|Any CPU
		{ABBCE5D4-744A-4ED8-B481-15D9AE6B6DDB}.Debug|x64.ActiveCfg = Debug|Any CPU
		{ABBCE5D4-744A-4ED8-B481-15D9AE6B6DDB}.Debug|x64.Build.0 = Debug|Any CPU
		{ABBCE5D4-744A-4ED8-B481-15D9AE6B6DDB}.Debug|x86.ActiveCfg = Debug|Any CPU
		{ABBCE5D4-744A-4ED8-B481-15D9AE6B6DDB}.Debug|x86.Build.0 = Debug|Any CPU
		{ABBCE5D4-744A-4ED8-B481-15D9AE6B6DDB}.Release|Any CPU.ActiveCfg = Release|Any CPU
		{ABBCE5D4-744A-4ED8-B481-15D9AE6B6DDB}.Release|Any CPU.Build.0 = Release|Any CPU
		{ABBCE5D4-744A-4ED8-B481-15D9AE6B6DDB}.Release|ARM.ActiveCfg = Release|Any CPU
		{ABBCE5D4-744A-4ED8-B481-15D9AE6B6DDB}.Release|ARM.Build.0 = Release|Any CPU
		{ABBCE5D4-744A-4ED8-B481-15D9AE6B6DDB}.Release|ARM64.ActiveCfg = Release|Any CPU
		{ABBCE5D4-744A-4ED8-B481-15D9AE6B6DDB}.Release|ARM64.Build.0 = Release|Any CPU
		{ABBCE5D4-744A-4ED8-B481-15D9AE6B6DDB}.Release|x64.ActiveCfg = Release|Any CPU
		{ABBCE5D4-744A-4ED8-B481-15D9AE6B6DDB}.Release|x64.Build.0 = Release|Any CPU
		{ABBCE5D4-744A-4ED8-B481-15D9AE6B6DDB}.Release|x86.ActiveCfg = Release|Any CPU
		{ABBCE5D4-744A-4ED8-B481-15D9AE6B6DDB}.Release|x86.Build.0 = Release|Any CPU
		{2672E05A-2574-4AF5-BAFC-B23628CF4835}.Debug|Any CPU.ActiveCfg = Debug|Any CPU
		{2672E05A-2574-4AF5-BAFC-B23628CF4835}.Debug|Any CPU.Build.0 = Debug|Any CPU
		{2672E05A-2574-4AF5-BAFC-B23628CF4835}.Debug|ARM.ActiveCfg = Debug|Any CPU
		{2672E05A-2574-4AF5-BAFC-B23628CF4835}.Debug|ARM.Build.0 = Debug|Any CPU
		{2672E05A-2574-4AF5-BAFC-B23628CF4835}.Debug|ARM64.ActiveCfg = Debug|Any CPU
		{2672E05A-2574-4AF5-BAFC-B23628CF4835}.Debug|ARM64.Build.0 = Debug|Any CPU
		{2672E05A-2574-4AF5-BAFC-B23628CF4835}.Debug|x64.ActiveCfg = Debug|Any CPU
		{2672E05A-2574-4AF5-BAFC-B23628CF4835}.Debug|x64.Build.0 = Debug|Any CPU
		{2672E05A-2574-4AF5-BAFC-B23628CF4835}.Debug|x86.ActiveCfg = Debug|Any CPU
		{2672E05A-2574-4AF5-BAFC-B23628CF4835}.Debug|x86.Build.0 = Debug|Any CPU
		{2672E05A-2574-4AF5-BAFC-B23628CF4835}.Release|Any CPU.ActiveCfg = Release|Any CPU
		{2672E05A-2574-4AF5-BAFC-B23628CF4835}.Release|Any CPU.Build.0 = Release|Any CPU
		{2672E05A-2574-4AF5-BAFC-B23628CF4835}.Release|ARM.ActiveCfg = Release|Any CPU
		{2672E05A-2574-4AF5-BAFC-B23628CF4835}.Release|ARM.Build.0 = Release|Any CPU
		{2672E05A-2574-4AF5-BAFC-B23628CF4835}.Release|ARM64.ActiveCfg = Release|Any CPU
		{2672E05A-2574-4AF5-BAFC-B23628CF4835}.Release|ARM64.Build.0 = Release|Any CPU
		{2672E05A-2574-4AF5-BAFC-B23628CF4835}.Release|x64.ActiveCfg = Release|Any CPU
		{2672E05A-2574-4AF5-BAFC-B23628CF4835}.Release|x64.Build.0 = Release|Any CPU
		{2672E05A-2574-4AF5-BAFC-B23628CF4835}.Release|x86.ActiveCfg = Release|Any CPU
		{2672E05A-2574-4AF5-BAFC-B23628CF4835}.Release|x86.Build.0 = Release|Any CPU
	EndGlobalSection
	GlobalSection(SolutionProperties) = preSolution
		HideSolutionNode = FALSE
	EndGlobalSection
	GlobalSection(ExtensibilityGlobals) = postSolution
		SolutionGuid = {3E620C96-AF57-4F9A-BCD7-737A4EAB66A2}
	EndGlobalSection
EndGlobal
