
Microsoft Visual Studio Solution File, Format Version 12.00
# Visual Studio Version 17
VisualStudioVersion = 17.7.34221.43
MinimumVisualStudioVersion = 10.0.40219.1
Project("{FAE04EC0-301F-11D3-BF4B-00C04F79EFBC}") = "Device", "..\Device\Device.csproj", "{77E0BBB3-8701-4021-B6F2-67698DA6BD36}"
EndProject
Project("{FAE04EC0-301F-11D3-BF4B-00C04F79EFBC}") = "Regulator", "..\Regulator\Regulator.csproj", "{8D1B4A48-3451-482B-87AF-BE68E3AFAEC6}"
EndProject
Project("{FAE04EC0-301F-11D3-BF4B-00C04F79EFBC}") = "Heater", "..\Heater\Heater.csproj", "{EB0F8F65-B5F2-40B0-89F3-AC7A7BD6FBC3}"
EndProject
Project("{FAE04EC0-301F-11D3-BF4B-00C04F79EFBC}") = "Database", "..\Database\Database.csproj", "{748248BC-4D52-4205-8B09-9B78F98E89CD}"
EndProject
Project("{9A19103F-16F7-4668-BE54-9A1E7A4F7556}") = "Log", "..\Log\Log.csproj", "{9AAB0384-0AFE-4B3E-812E-6E6E649F30D3}"
EndProject
Project("{FAE04EC0-301F-11D3-BF4B-00C04F79EFBC}") = "InterfaceMain", "..\InterfaceMain\InterfaceMain.csproj", "{3D257F6E-560A-4220-AF39-A4D591F74076}"
EndProject
Project("{FAE04EC0-301F-11D3-BF4B-00C04F79EFBC}") = "Common", "..\Common\Common.csproj", "{018E4C39-FF67-484E-BDB4-4E1F688AAF05}"
EndProject
Global
	GlobalSection(SolutionConfigurationPlatforms) = preSolution
		Debug|Any CPU = Debug|Any CPU
		Release|Any CPU = Release|Any CPU
	EndGlobalSection
	GlobalSection(ProjectConfigurationPlatforms) = postSolution
		{77E0BBB3-8701-4021-B6F2-67698DA6BD36}.Debug|Any CPU.ActiveCfg = Debug|Any CPU
		{77E0BBB3-8701-4021-B6F2-67698DA6BD36}.Debug|Any CPU.Build.0 = Debug|Any CPU
		{77E0BBB3-8701-4021-B6F2-67698DA6BD36}.Release|Any CPU.ActiveCfg = Release|Any CPU
		{77E0BBB3-8701-4021-B6F2-67698DA6BD36}.Release|Any CPU.Build.0 = Release|Any CPU
		{8D1B4A48-3451-482B-87AF-BE68E3AFAEC6}.Debug|Any CPU.ActiveCfg = Debug|Any CPU
		{8D1B4A48-3451-482B-87AF-BE68E3AFAEC6}.Debug|Any CPU.Build.0 = Debug|Any CPU
		{8D1B4A48-3451-482B-87AF-BE68E3AFAEC6}.Release|Any CPU.ActiveCfg = Release|Any CPU
		{8D1B4A48-3451-482B-87AF-BE68E3AFAEC6}.Release|Any CPU.Build.0 = Release|Any CPU
		{EB0F8F65-B5F2-40B0-89F3-AC7A7BD6FBC3}.Debug|Any CPU.ActiveCfg = Debug|Any CPU
		{EB0F8F65-B5F2-40B0-89F3-AC7A7BD6FBC3}.Debug|Any CPU.Build.0 = Debug|Any CPU
		{EB0F8F65-B5F2-40B0-89F3-AC7A7BD6FBC3}.Release|Any CPU.ActiveCfg = Release|Any CPU
		{EB0F8F65-B5F2-40B0-89F3-AC7A7BD6FBC3}.Release|Any CPU.Build.0 = Release|Any CPU
		{748248BC-4D52-4205-8B09-9B78F98E89CD}.Debug|Any CPU.ActiveCfg = Debug|Any CPU
		{748248BC-4D52-4205-8B09-9B78F98E89CD}.Debug|Any CPU.Build.0 = Debug|Any CPU
		{748248BC-4D52-4205-8B09-9B78F98E89CD}.Release|Any CPU.ActiveCfg = Release|Any CPU
		{748248BC-4D52-4205-8B09-9B78F98E89CD}.Release|Any CPU.Build.0 = Release|Any CPU
		{9AAB0384-0AFE-4B3E-812E-6E6E649F30D3}.Debug|Any CPU.ActiveCfg = Debug|Any CPU
		{9AAB0384-0AFE-4B3E-812E-6E6E649F30D3}.Debug|Any CPU.Build.0 = Debug|Any CPU
		{9AAB0384-0AFE-4B3E-812E-6E6E649F30D3}.Release|Any CPU.ActiveCfg = Release|Any CPU
		{9AAB0384-0AFE-4B3E-812E-6E6E649F30D3}.Release|Any CPU.Build.0 = Release|Any CPU
		{3D257F6E-560A-4220-AF39-A4D591F74076}.Debug|Any CPU.ActiveCfg = Debug|Any CPU
		{3D257F6E-560A-4220-AF39-A4D591F74076}.Debug|Any CPU.Build.0 = Debug|Any CPU
		{3D257F6E-560A-4220-AF39-A4D591F74076}.Release|Any CPU.ActiveCfg = Release|Any CPU
		{3D257F6E-560A-4220-AF39-A4D591F74076}.Release|Any CPU.Build.0 = Release|Any CPU
		{018E4C39-FF67-484E-BDB4-4E1F688AAF05}.Debug|Any CPU.ActiveCfg = Debug|Any CPU
		{018E4C39-FF67-484E-BDB4-4E1F688AAF05}.Debug|Any CPU.Build.0 = Debug|Any CPU
		{018E4C39-FF67-484E-BDB4-4E1F688AAF05}.Release|Any CPU.ActiveCfg = Release|Any CPU
		{018E4C39-FF67-484E-BDB4-4E1F688AAF05}.Release|Any CPU.Build.0 = Release|Any CPU
	EndGlobalSection
	GlobalSection(SolutionProperties) = preSolution
		HideSolutionNode = FALSE
	EndGlobalSection
	GlobalSection(ExtensibilityGlobals) = postSolution
		SolutionGuid = {3E620C96-AF57-4F9A-BCD7-737A4EAB66A2}
	EndGlobalSection
EndGlobal
